
Microsoft Visual Studio Solution File, Format Version 12.00
# Visual Studio Version 16
VisualStudioVersion = 16.0.31025.194
MinimumVisualStudioVersion = 10.0.40219.1
Project("{FAE04EC0-301F-11D3-BF4B-00C04F79EFBC}") = "sql-prom-exporter", "sql-prom-exporter.csproj", "{B6968F53-9391-41A4-B181-7B854F6FEC90}"
EndProject
Global
	GlobalSection(SolutionConfigurationPlatforms) = preSolution
		Debug|Any CPU = Debug|Any CPU
		Release|Any CPU = Release|Any CPU
	EndGlobalSection
	GlobalSection(ProjectConfigurationPlatforms) = postSolution
		{B6968F53-9391-41A4-B181-7B854F6FEC90}.Debug|Any CPU.ActiveCfg = Debug|Any CPU
		{B6968F53-9391-41A4-B181-7B854F6FEC90}.Debug|Any CPU.Build.0 = Debug|Any CPU
		{B6968F53-9391-41A4-B181-7B854F6FEC90}.Release|Any CPU.ActiveCfg = Release|Any CPU
		{B6968F53-9391-41A4-B181-7B854F6FEC90}.Release|Any CPU.Build.0 = Release|Any CPU
	EndGlobalSection
	GlobalSection(SolutionProperties) = preSolution
		HideSolutionNode = FALSE
	EndGlobalSection
	GlobalSection(ExtensibilityGlobals) = postSolution
		SolutionGuid = {A5D27CFA-AD35-4FE5-B271-C48F6AA828FA}
	EndGlobalSection
EndGlobal
